
Microsoft Visual Studio Solution File, Format Version 12.00
# Visual Studio 15
VisualStudioVersion = 15.0.26730.3
MinimumVisualStudioVersion = 10.0.40219.1
Project("{FAE04EC0-301F-11D3-BF4B-00C04F79EFBC}") = "SalesTracker", "SalesTracker\SalesTracker.csproj", "{6ACF59E4-BF44-4222-968B-97DB17CE2886}"
EndProject
Global
	GlobalSection(SolutionConfigurationPlatforms) = preSolution
		Debug|Any CPU = Debug|Any CPU
		Release|Any CPU = Release|Any CPU
	EndGlobalSection
	GlobalSection(ProjectConfigurationPlatforms) = postSolution
		{6ACF59E4-BF44-4222-968B-97DB17CE2886}.Debug|Any CPU.ActiveCfg = Debug|Any CPU
		{6ACF59E4-BF44-4222-968B-97DB17CE2886}.Debug|Any CPU.Build.0 = Debug|Any CPU
		{6ACF59E4-BF44-4222-968B-97DB17CE2886}.Release|Any CPU.ActiveCfg = Release|Any CPU
		{6ACF59E4-BF44-4222-968B-97DB17CE2886}.Release|Any CPU.Build.0 = Release|Any CPU
	EndGlobalSection
	GlobalSection(SolutionProperties) = preSolution
		HideSolutionNode = FALSE
	EndGlobalSection
	GlobalSection(ExtensibilityGlobals) = postSolution
		SolutionGuid = {EFA614BE-2AA6-429C-A631-992E1BBA8694}
	EndGlobalSection
EndGlobal
